// !$*UTF8*$!
{
	archiveVersion = 1;
	classes = {
	};
	objectVersion = 46;
	objects = {

/* Begin PBXBuildFile section */
		994233641E3E16D400D6A97E /* AppDelegate.swift in Sources */ = {isa = PBXBuildFile; fileRef = 994233631E3E16D400D6A97E /* AppDelegate.swift */; };
		994233661E3E16D400D6A97E /* ViewController.swift in Sources */ = {isa = PBXBuildFile; fileRef = 994233651E3E16D400D6A97E /* ViewController.swift */; };
		994233691E3E16D400D6A97E /* Main.storyboard in Resources */ = {isa = PBXBuildFile; fileRef = 994233671E3E16D400D6A97E /* Main.storyboard */; };
		9942336C1E3E16D400D6A97E /* Pokemon.xcdatamodeld in Sources */ = {isa = PBXBuildFile; fileRef = 9942336A1E3E16D400D6A97E /* Pokemon.xcdatamodeld */; };
		9942336E1E3E16D400D6A97E /* Assets.xcassets in Resources */ = {isa = PBXBuildFile; fileRef = 9942336D1E3E16D400D6A97E /* Assets.xcassets */; };
		994233711E3E16D400D6A97E /* LaunchScreen.storyboard in Resources */ = {isa = PBXBuildFile; fileRef = 9942336F1E3E16D400D6A97E /* LaunchScreen.storyboard */; };
		9942337A1E3E176800D6A97E /* MapKit.framework in Frameworks */ = {isa = PBXBuildFile; fileRef = 994233791E3E176800D6A97E /* MapKit.framework */; };
		9942CE571E3E6C2B00C43BD6 /* CoreDataHelp.swift in Sources */ = {isa = PBXBuildFile; fileRef = 9942CE561E3E6C2B00C43BD6 /* CoreDataHelp.swift */; };
		99D4F4C51E3FA12B0045F6B8 /* PokedexViewController.swift in Sources */ = {isa = PBXBuildFile; fileRef = 99D4F4C41E3FA12B0045F6B8 /* PokedexViewController.swift */; };
		DB34F5341E4F2CD50063C05D /* PokeAnnotation.swift in Sources */ = {isa = PBXBuildFile; fileRef = DB34F5331E4F2CD50063C05D /* PokeAnnotation.swift */; };
/* End PBXBuildFile section */

/* Begin PBXFileReference section */
		994233601E3E16D400D6A97E /* Pokemon.app */ = {isa = PBXFileReference; explicitFileType = wrapper.application; includeInIndex = 0; path = Pokemon.app; sourceTree = BUILT_PRODUCTS_DIR; };
		994233631E3E16D400D6A97E /* AppDelegate.swift */ = {isa = PBXFileReference; lastKnownFileType = sourcecode.swift; path = AppDelegate.swift; sourceTree = "<group>"; };
		994233651E3E16D400D6A97E /* ViewController.swift */ = {isa = PBXFileReference; lastKnownFileType = sourcecode.swift; path = ViewController.swift; sourceTree = "<group>"; };
		994233681E3E16D400D6A97E /* Base */ = {isa = PBXFileReference; lastKnownFileType = file.storyboard; name = Base; path = Base.lproj/Main.storyboard; sourceTree = "<group>"; };
		9942336B1E3E16D400D6A97E /* Pokemon.xcdatamodel */ = {isa = PBXFileReference; lastKnownFileType = wrapper.xcdatamodel; path = Pokemon.xcdatamodel; sourceTree = "<group>"; };
		9942336D1E3E16D400D6A97E /* Assets.xcassets */ = {isa = PBXFileReference; lastKnownFileType = folder.assetcatalog; path = Assets.xcassets; sourceTree = "<group>"; };
		994233701E3E16D400D6A97E /* Base */ = {isa = PBXFileReference; lastKnownFileType = file.storyboard; name = Base; path = Base.lproj/LaunchScreen.storyboard; sourceTree = "<group>"; };
		994233721E3E16D400D6A97E /* Info.plist */ = {isa = PBXFileReference; lastKnownFileType = text.plist.xml; path = Info.plist; sourceTree = "<group>"; };
		994233791E3E176800D6A97E /* MapKit.framework */ = {isa = PBXFileReference; lastKnownFileType = wrapper.framework; name = MapKit.framework; path = System/Library/Frameworks/MapKit.framework; sourceTree = SDKROOT; };
		9942CE561E3E6C2B00C43BD6 /* CoreDataHelp.swift */ = {isa = PBXFileReference; fileEncoding = 4; lastKnownFileType = sourcecode.swift; path = CoreDataHelp.swift; sourceTree = "<group>"; };
		99D4F4C41E3FA12B0045F6B8 /* PokedexViewController.swift */ = {isa = PBXFileReference; fileEncoding = 4; lastKnownFileType = sourcecode.swift; path = PokedexViewController.swift; sourceTree = "<group>"; };
		DB34F5331E4F2CD50063C05D /* PokeAnnotation.swift */ = {isa = PBXFileReference; fileEncoding = 4; lastKnownFileType = sourcecode.swift; path = PokeAnnotation.swift; sourceTree = "<group>"; };
/* End PBXFileReference section */

/* Begin PBXFrameworksBuildPhase section */
		9942335D1E3E16D400D6A97E /* Frameworks */ = {
			isa = PBXFrameworksBuildPhase;
			buildActionMask = 2147483647;
			files = (
				9942337A1E3E176800D6A97E /* MapKit.framework in Frameworks */,
			);
			runOnlyForDeploymentPostprocessing = 0;
		};
/* End PBXFrameworksBuildPhase section */

/* Begin PBXGroup section */
		994233571E3E16D400D6A97E = {
			isa = PBXGroup;
			children = (
				994233621E3E16D400D6A97E /* Pokemon */,
				994233611E3E16D400D6A97E /* Products */,
				994233781E3E176800D6A97E /* Frameworks */,
			);
			sourceTree = "<group>";
		};
		994233611E3E16D400D6A97E /* Products */ = {
			isa = PBXGroup;
			children = (
				994233601E3E16D400D6A97E /* Pokemon.app */,
			);
			name = Products;
			sourceTree = "<group>";
		};
		994233621E3E16D400D6A97E /* Pokemon */ = {
			isa = PBXGroup;
			children = (
				994233631E3E16D400D6A97E /* AppDelegate.swift */,
				994233651E3E16D400D6A97E /* ViewController.swift */,
				DB34F5331E4F2CD50063C05D /* PokeAnnotation.swift */,
				99D4F4C41E3FA12B0045F6B8 /* PokedexViewController.swift */,
				994233671E3E16D400D6A97E /* Main.storyboard */,
				9942CE561E3E6C2B00C43BD6 /* CoreDataHelp.swift */,
				9942336D1E3E16D400D6A97E /* Assets.xcassets */,
				9942336F1E3E16D400D6A97E /* LaunchScreen.storyboard */,
				994233721E3E16D400D6A97E /* Info.plist */,
				9942336A1E3E16D400D6A97E /* Pokemon.xcdatamodeld */,
			);
			path = Pokemon;
			sourceTree = "<group>";
		};
		994233781E3E176800D6A97E /* Frameworks */ = {
			isa = PBXGroup;
			children = (
				994233791E3E176800D6A97E /* MapKit.framework */,
			);
			name = Frameworks;
			sourceTree = "<group>";
		};
/* End PBXGroup section */

/* Begin PBXNativeTarget section */
		9942335F1E3E16D400D6A97E /* Pokemon */ = {
			isa = PBXNativeTarget;
			buildConfigurationList = 994233751E3E16D400D6A97E /* Build configuration list for PBXNativeTarget "Pokemon" */;
			buildPhases = (
				9942335C1E3E16D400D6A97E /* Sources */,
				9942335D1E3E16D400D6A97E /* Frameworks */,
				9942335E1E3E16D400D6A97E /* Resources */,
			);
			buildRules = (
			);
			dependencies = (
			);
			name = Pokemon;
			productName = Pokemon;
			productReference = 994233601E3E16D400D6A97E /* Pokemon.app */;
			productType = "com.apple.product-type.application";
		};
/* End PBXNativeTarget section */

/* Begin PBXProject section */
		994233581E3E16D400D6A97E /* Project object */ = {
			isa = PBXProject;
			attributes = {
				LastSwiftUpdateCheck = 0820;
				LastUpgradeCheck = 0820;
				ORGANIZATIONNAME = "ziad adra";
				TargetAttributes = {
					9942335F1E3E16D400D6A97E = {
						CreatedOnToolsVersion = 8.2;
						DevelopmentTeam = J4Q427424J;
						ProvisioningStyle = Automatic;
					};
				};
			};
			buildConfigurationList = 9942335B1E3E16D400D6A97E /* Build configuration list for PBXProject "Pokemon" */;
			compatibilityVersion = "Xcode 3.2";
			developmentRegion = English;
			hasScannedForEncodings = 0;
			knownRegions = (
				en,
				Base,
			);
			mainGroup = 994233571E3E16D400D6A97E;
			productRefGroup = 994233611E3E16D400D6A97E /* Products */;
			projectDirPath = "";
			projectRoot = "";
			targets = (
				9942335F1E3E16D400D6A97E /* Pokemon */,
			);
		};
/* End PBXProject section */

/* Begin PBXResourcesBuildPhase section */
		9942335E1E3E16D400D6A97E /* Resources */ = {
			isa = PBXResourcesBuildPhase;
			buildActionMask = 2147483647;
			files = (
				994233711E3E16D400D6A97E /* LaunchScreen.storyboard in Resources */,
				9942336E1E3E16D400D6A97E /* Assets.xcassets in Resources */,
				994233691E3E16D400D6A97E /* Main.storyboard in Resources */,
			);
			runOnlyForDeploymentPostprocessing = 0;
		};
/* End PBXResourcesBuildPhase section */

/* Begin PBXSourcesBuildPhase section */
		9942335C1E3E16D400D6A97E /* Sources */ = {
			isa = PBXSourcesBuildPhase;
			buildActionMask = 2147483647;
			files = (
				994233661E3E16D400D6A97E /* ViewController.swift in Sources */,
				DB34F5341E4F2CD50063C05D /* PokeAnnotation.swift in Sources */,
				994233641E3E16D400D6A97E /* AppDelegate.swift in Sources */,
				99D4F4C51E3FA12B0045F6B8 /* PokedexViewController.swift in Sources */,
				9942CE571E3E6C2B00C43BD6 /* CoreDataHelp.swift in Sources */,
				9942336C1E3E16D400D6A97E /* Pokemon.xcdatamodeld in Sources */,
			);
			runOnlyForDeploymentPostprocessing = 0;
		};
/* End PBXSourcesBuildPhase section */

/* Begin PBXVariantGroup section */
		994233671E3E16D400D6A97E /* Main.storyboard */ = {
			isa = PBXVariantGroup;
			children = (
				994233681E3E16D400D6A97E /* Base */,
			);
			name = Main.storyboard;
			sourceTree = "<group>";
		};
		9942336F1E3E16D400D6A97E /* LaunchScreen.storyboard */ = {
			isa = PBXVariantGroup;
			children = (
				994233701E3E16D400D6A97E /* Base */,
			);
			name = LaunchScreen.storyboard;
			sourceTree = "<group>";
		};
/* End PBXVariantGroup section */

/* Begin XCBuildConfiguration section */
		994233731E3E16D400D6A97E /* Debug */ = {
			isa = XCBuildConfiguration;
			buildSettings = {
				ALWAYS_SEARCH_USER_PATHS = NO;
				CLANG_ANALYZER_NONNULL = YES;
				CLANG_CXX_LANGUAGE_STANDARD = "gnu++0x";
				CLANG_CXX_LIBRARY = "libc++";
				CLANG_ENABLE_MODULES = YES;
				CLANG_ENABLE_OBJC_ARC = YES;
				CLANG_WARN_BOOL_CONVERSION = YES;
				CLANG_WARN_CONSTANT_CONVERSION = YES;
				CLANG_WARN_DIRECT_OBJC_ISA_USAGE = YES_ERROR;
				CLANG_WARN_DOCUMENTATION_COMMENTS = YES;
				CLANG_WARN_EMPTY_BODY = YES;
				CLANG_WARN_ENUM_CONVERSION = YES;
				CLANG_WARN_INFINITE_RECURSION = YES;
				CLANG_WARN_INT_CONVERSION = YES;
				CLANG_WARN_OBJC_ROOT_CLASS = YES_ERROR;
				CLANG_WARN_SUSPICIOUS_MOVE = YES;
				CLANG_WARN_UNREACHABLE_CODE = YES;
				CLANG_WARN__DUPLICATE_METHOD_MATCH = YES;
				"CODE_SIGN_IDENTITY[sdk=iphoneos*]" = "iPhone Developer";
				COPY_PHASE_STRIP = NO;
				DEBUG_INFORMATION_FORMAT = dwarf;
				ENABLE_STRICT_OBJC_MSGSEND = YES;
				ENABLE_TESTABILITY = YES;
				GCC_C_LANGUAGE_STANDARD = gnu99;
				GCC_DYNAMIC_NO_PIC = NO;
				GCC_NO_COMMON_BLOCKS = YES;
				GCC_OPTIMIZATION_LEVEL = 0;
				GCC_PREPROCESSOR_DEFINITIONS = (
					"DEBUG=1",
					"$(inherited)",
				);
				GCC_WARN_64_TO_32_BIT_CONVERSION = YES;
				GCC_WARN_ABOUT_RETURN_TYPE = YES_ERROR;
				GCC_WARN_UNDECLARED_SELECTOR = YES;
				GCC_WARN_UNINITIALIZED_AUTOS = YES_AGGRESSIVE;
				GCC_WARN_UNUSED_FUNCTION = YES;
				GCC_WARN_UNUSED_VARIABLE = YES;
				IPHONEOS_DEPLOYMENT_TARGET = 10.2;
				MTL_ENABLE_DEBUG_INFO = YES;
				ONLY_ACTIVE_ARCH = YES;
				SDKROOT = iphoneos;
				SWIFT_ACTIVE_COMPILATION_CONDITIONS = DEBUG;
				SWIFT_OPTIMIZATION_LEVEL = "-Onone";
				TARGETED_DEVICE_FAMILY = "1,2";
			};
			name = Debug;
		};
		994233741E3E16D400D6A97E /* Release */ = {
			isa = XCBuildConfiguration;
			buildSettings = {
				ALWAYS_SEARCH_USER_PATHS = NO;
				CLANG_ANALYZER_NONNULL = YES;
				CLANG_CXX_LANGUAGE_STANDARD = "gnu++0x";
				CLANG_CXX_LIBRARY = "libc++";
				CLANG_ENABLE_MODULES = YES;
				CLANG_ENABLE_OBJC_ARC = YES;
				CLANG_WARN_BOOL_CONVERSION = YES;
				CLANG_WARN_CONSTANT_CONVERSION = YES;
				CLANG_WARN_DIRECT_OBJC_ISA_USAGE = YES_ERROR;
				CLANG_WARN_DOCUMENTATION_COMMENTS = YES;
				CLANG_WARN_EMPTY_BODY = YES;
				CLANG_WARN_ENUM_CONVERSION = YES;
				CLANG_WARN_INFINITE_RECURSION = YES;
				CLANG_WARN_INT_CONVERSION = YES;
				CLANG_WARN_OBJC_ROOT_CLASS = YES_ERROR;
				CLANG_WARN_SUSPICIOUS_MOVE = YES;
				CLANG_WARN_UNREACHABLE_CODE = YES;
				CLANG_WARN__DUPLICATE_METHOD_MATCH = YES;
				"CODE_SIGN_IDENTITY[sdk=iphoneos*]" = "iPhone Developer";
				COPY_PHASE_STRIP = NO;
				DEBUG_INFORMATION_FORMAT = "dwarf-with-dsym";
				ENABLE_NS_ASSERTIONS = NO;
				ENABLE_STRICT_OBJC_MSGSEND = YES;
				GCC_C_LANGUAGE_STANDARD = gnu99;
				GCC_NO_COMMON_BLOCKS = YES;
				GCC_WARN_64_TO_32_BIT_CONVERSION = YES;
				GCC_WARN_ABOUT_RETURN_TYPE = YES_ERROR;
				GCC_WARN_UNDECLARED_SELECTOR = YES;
				GCC_WARN_UNINITIALIZED_AUTOS = YES_AGGRESSIVE;
				GCC_WARN_UNUSED_FUNCTION = YES;
				GCC_WARN_UNUSED_VARIABLE = YES;
				IPHONEOS_DEPLOYMENT_TARGET = 10.2;
				MTL_ENABLE_DEBUG_INFO = NO;
				SDKROOT = iphoneos;
				SWIFT_OPTIMIZATION_LEVEL = "-Owholemodule";
				TARGETED_DEVICE_FAMILY = "1,2";
				VALIDATE_PRODUCT = YES;
			};
			name = Release;
		};
		994233761E3E16D400D6A97E /* Debug */ = {
			isa = XCBuildConfiguration;
			buildSettings = {
				ASSETCATALOG_COMPILER_APPICON_NAME = AppIcon;
				DEVELOPMENT_TEAM = J4Q427424J;
				INFOPLIST_FILE = Pokemon/Info.plist;
				LD_RUNPATH_SEARCH_PATHS = "$(inherited) @executable_path/Frameworks";
				PRODUCT_BUNDLE_IDENTIFIER = adratech.Pokemon;
				PRODUCT_NAME = "$(TARGET_NAME)";
				SWIFT_VERSION = 3.0;
			};
			name = Debug;
		};
		994233771E3E16D400D6A97E /* Release */ = {
			isa = XCBuildConfiguration;
			buildSettings = {
				ASSETCATALOG_COMPILER_APPICON_NAME = AppIcon;
				DEVELOPMENT_TEAM = J4Q427424J;
				INFOPLIST_FILE = Pokemon/Info.plist;
				LD_RUNPATH_SEARCH_PATHS = "$(inherited) @executable_path/Frameworks";
				PRODUCT_BUNDLE_IDENTIFIER = adratech.Pokemon;
				PRODUCT_NAME = "$(TARGET_NAME)";
				SWIFT_VERSION = 3.0;
			};
			name = Release;
		};
/* End XCBuildConfiguration section */

/* Begin XCConfigurationList section */
		9942335B1E3E16D400D6A97E /* Build configuration list for PBXProject "Pokemon" */ = {
			isa = XCConfigurationList;
			buildConfigurations = (
				994233731E3E16D400D6A97E /* Debug */,
				994233741E3E16D400D6A97E /* Release */,
			);
			defaultConfigurationIsVisible = 0;
			defaultConfigurationName = Release;
		};
		994233751E3E16D400D6A97E /* Build configuration list for PBXNativeTarget "Pokemon" */ = {
			isa = XCConfigurationList;
			buildConfigurations = (
				994233761E3E16D400D6A97E /* Debug */,
				994233771E3E16D400D6A97E /* Release */,
			);
			defaultConfigurationIsVisible = 0;
			defaultConfigurationName = Release;
		};
/* End XCConfigurationList section */

/* Begin XCVersionGroup section */
		9942336A1E3E16D400D6A97E /* Pokemon.xcdatamodeld */ = {
			isa = XCVersionGroup;
			children = (
				9942336B1E3E16D400D6A97E /* Pokemon.xcdatamodel */,
			);
			currentVersion = 9942336B1E3E16D400D6A97E /* Pokemon.xcdatamodel */;
			path = Pokemon.xcdatamodeld;
			sourceTree = "<group>";
			versionGroupType = wrapper.xcdatamodel;
		};
/* End XCVersionGroup section */
	};
	rootObject = 994233581E3E16D400D6A97E /* Project object */;
}
